<?xml version="1.0" encoding="utf-8"?>
<Project ToolsVersion="4.0" xmlns="http://schemas.microsoft.com/developer/msbuild/2003">
  <ItemGroup>
    <Filter Include="Quelldateien">
      <UniqueIdentifier>{4FC737F1-C7A5-4376-A066-2A32D752A2FF}</UniqueIdentifier>
      <Extensions>cpp;c;cc;cxx;c++;cppm;ixx;def;odl;idl;hpj;bat;asm;asmx</Extensions>
    </Filter>
    <Filter Include="Headerdateien">
      <UniqueIdentifier>{93995380-89BD-4b04-88EB-625FBE52EBFB}</UniqueIdentifier>
      <Extensions>h;hh;hpp;hxx;h++;hm;inl;inc;ipp;xsd</Extensions>
    </Filter>
    <Filter Include="Ressourcendateien">
      <UniqueIdentifier>{67DA6AB6-F800-4c08-8B7A-83BB121AAD01}</UniqueIdentifier>
      <Extensions>rc;ico;cur;bmp;dlg;rc2;rct;bin;rgs;gif;jpg;jpeg;jpe;resx;tiff;tif;png;wav;mfcribbon-ms</Extensions>
    </Filter>
    <Filter Include="Quelldateien\imgui">
      <UniqueIdentifier>{81c2c4b2-a236-4e11-a9ce-966c2926e618}</UniqueIdentifier>
    </Filter>
    <Filter Include="Quelldateien\glad">
      <UniqueIdentifier>{e7a3ce74-d560-4e3d-883d-e795802cee40}</UniqueIdentifier>
    </Filter>
    <Filter Include="Quelldateien\shaders">
      <UniqueIdentifier>{eba755fd-dc90-496d-99e2-c3ca2620f6d0}</UniqueIdentifier>
    </Filter>
    <Filter Include="Quelldateien\images">
      <UniqueIdentifier>{8732888f-c275-4f3a-a296-2ded5ef8f4ec}</UniqueIdentifier>
    </Filter>
  </ItemGroup>
  <ItemGroup>
    <ClCompile Include="main.cpp">
      <Filter>Quelldateien</Filter>
    </ClCompile>
    <ClCompile Include="..\..\..\..\Documents\ThirdPartyLibs\cpp\imgui.cpp">
      <Filter>Quelldateien\imgui</Filter>
    </ClCompile>
    <ClCompile Include="..\..\..\..\Documents\ThirdPartyLibs\cpp\imgui_demo.cpp">
      <Filter>Quelldateien\imgui</Filter>
    </ClCompile>
    <ClCompile Include="..\..\..\..\Documents\ThirdPartyLibs\cpp\imgui_draw.cpp">
      <Filter>Quelldateien\imgui</Filter>
    </ClCompile>
    <ClCompile Include="..\..\..\..\Documents\ThirdPartyLibs\cpp\imgui_impl_glfw.cpp">
      <Filter>Quelldateien\imgui</Filter>
    </ClCompile>
    <ClCompile Include="..\..\..\..\Documents\ThirdPartyLibs\cpp\imgui_impl_opengl3.cpp">
      <Filter>Quelldateien\imgui</Filter>
    </ClCompile>
    <ClCompile Include="..\..\..\..\Documents\ThirdPartyLibs\cpp\imgui_tables.cpp">
      <Filter>Quelldateien\imgui</Filter>
    </ClCompile>
    <ClCompile Include="..\..\..\..\Documents\ThirdPartyLibs\cpp\imgui_widgets.cpp">
      <Filter>Quelldateien\imgui</Filter>
    </ClCompile>
    <ClCompile Include="..\..\..\..\Desktop\glad.c">
      <Filter>Quelldateien\glad</Filter>
    </ClCompile>
  </ItemGroup>
  <ItemGroup>
    <None Include="shader.vs">
      <Filter>Quelldateien\shaders</Filter>
    </None>
    <None Include="shader.fs">
      <Filter>Quelldateien\shaders</Filter>
    </None>
  </ItemGroup>
  <ItemGroup>
    <Image Include="..\..\..\..\Documents\container.jpg">
      <Filter>Quelldateien\images</Filter>
    </Image>
  </ItemGroup>
  <ItemGroup>
    <ClInclude Include="Shader.h">
      <Filter>Headerdateien</Filter>
    </ClInclude>
    <ClInclude Include="Texture.h">
      <Filter>Headerdateien</Filter>
    </ClInclude>
  </ItemGroup>
</Project>